
Microsoft Visual Studio Solution File, Format Version 12.00
# Visual Studio Version 16
VisualStudioVersion = 16.0.31702.278
MinimumVisualStudioVersion = 10.0.40219.1
Project("{9A19103F-16F7-4668-BE54-9A1E7A4F7556}") = "Comtrade", "Comtrade\Comtrade.csproj", "{35383B99-9EF2-410E-93BF-C56FC083DF27}"
EndProject
Project("{9A19103F-16F7-4668-BE54-9A1E7A4F7556}") = "ComtradeTests", "ComtradeTests\ComtradeTests.csproj", "{DFCA1885-9493-4E72-9400-151D96551CF2}"
EndProject
Global
	GlobalSection(SolutionConfigurationPlatforms) = preSolution
		Debug|Any CPU = Debug|Any CPU
		Release|Any CPU = Release|Any CPU
	EndGlobalSection
	GlobalSection(ProjectConfigurationPlatforms) = postSolution
		{35383B99-9EF2-410E-93BF-C56FC083DF27}.Debug|Any CPU.ActiveCfg = Debug|Any CPU
		{35383B99-9EF2-410E-93BF-C56FC083DF27}.Debug|Any CPU.Build.0 = Debug|Any CPU
		{35383B99-9EF2-410E-93BF-C56FC083DF27}.Release|Any CPU.ActiveCfg = Release|Any CPU
		{35383B99-9EF2-410E-93BF-C56FC083DF27}.Release|Any CPU.Build.0 = Release|Any CPU
		{DFCA1885-9493-4E72-9400-151D96551CF2}.Debug|Any CPU.ActiveCfg = Debug|Any CPU
		{DFCA1885-9493-4E72-9400-151D96551CF2}.Debug|Any CPU.Build.0 = Debug|Any CPU
		{DFCA1885-9493-4E72-9400-151D96551CF2}.Release|Any CPU.ActiveCfg = Release|Any CPU
		{DFCA1885-9493-4E72-9400-151D96551CF2}.Release|Any CPU.Build.0 = Release|Any CPU
	EndGlobalSection
	GlobalSection(SolutionProperties) = preSolution
		HideSolutionNode = FALSE
	EndGlobalSection
	GlobalSection(ExtensibilityGlobals) = postSolution
		SolutionGuid = {75601569-9E0D-4A1F-8968-6421EE81792B}
	EndGlobalSection
EndGlobal
